
Microsoft Visual Studio Solution File, Format Version 12.00
# Visual Studio Version 17
VisualStudioVersion = 17.9.34723.18
MinimumVisualStudioVersion = 10.0.40219.1
Project("{9A19103F-16F7-4668-BE54-9A1E7A4F7556}") = "WpfApp1", "WpfApp1\WpfApp1.csproj", "{E3F54F74-5427-4B4C-B11A-A59EFFF85686}"
EndProject
Project("{2150E333-8FDC-42A3-9474-1A3956D46DE8}") = "Entity", "Entity", "{28DD1EC4-D222-4349-8BEB-18DF2DD14A2C}"
EndProject
Project("{2150E333-8FDC-42A3-9474-1A3956D46DE8}") = "Repository", "Repository", "{81C45B59-CE40-4E0F-87DB-A0FF254F3A87}"
EndProject
Project("{2150E333-8FDC-42A3-9474-1A3956D46DE8}") = "Domain", "Domain", "{9A31BFE5-2383-4E55-A3A9-2DCC036E1D06}"
EndProject
Project("{2150E333-8FDC-42A3-9474-1A3956D46DE8}") = "Application", "Application", "{4FD59CC0-F504-4279-87A7-2C0D14EC633E}"
EndProject
Project("{2150E333-8FDC-42A3-9474-1A3956D46DE8}") = "Infrastructure", "Infrastructure", "{E8749AE3-A7D5-416E-BE28-44260879D25D}"
EndProject
Project("{2150E333-8FDC-42A3-9474-1A3956D46DE8}") = "UserInterface", "UserInterface", "{59ADE362-C470-41AE-8731-B739AC017979}"
EndProject
Project("{2150E333-8FDC-42A3-9474-1A3956D46DE8}") = "Usecase", "Usecase", "{0D720C18-9BF6-4599-8B97-ED7897AD6052}"
EndProject
Project("{2150E333-8FDC-42A3-9474-1A3956D46DE8}") = "DomainService", "DomainService", "{8D934153-49F6-42DD-8564-415173085797}"
EndProject
Project("{2150E333-8FDC-42A3-9474-1A3956D46DE8}") = "ApplicationService", "ApplicationService", "{739F27DC-5C7B-4857-AA3E-4100EB1E8FF9}"
EndProject
Project("{9A19103F-16F7-4668-BE54-9A1E7A4F7556}") = "AAAEntity", "AAAEntity\AAAEntity.csproj", "{75346CA4-00B6-42E5-8AAA-0D9CEB34AF54}"
EndProject
Project("{9A19103F-16F7-4668-BE54-9A1E7A4F7556}") = "DomainService", "DomainService\DomainService.csproj", "{01B6A430-3E7B-452E-87C4-DDC3C2FBA7C5}"
EndProject
Project("{9A19103F-16F7-4668-BE54-9A1E7A4F7556}") = "BBBEntity", "BBBEntity\BBBEntity.csproj", "{2D261841-3A48-4D02-A7D7-08CE6880F823}"
EndProject
Project("{9A19103F-16F7-4668-BE54-9A1E7A4F7556}") = "Repository", "Repository\Repository.csproj", "{481ADBD8-D0FB-45EC-BB77-5F56802CDB7D}"
EndProject
Project("{9A19103F-16F7-4668-BE54-9A1E7A4F7556}") = "Usecase", "Usecase\Usecase.csproj", "{A1CB7975-5344-4720-A944-1FC4E88085A7}"
EndProject
Project("{9A19103F-16F7-4668-BE54-9A1E7A4F7556}") = "InMemoryRepository", "InMemoryRepository\InMemoryRepository.csproj", "{92EB49FB-D5D8-4A42-9D19-16DDC1B8FC0E}"
EndProject
Project("{9A19103F-16F7-4668-BE54-9A1E7A4F7556}") = "UiParts", "UI\UiParts.csproj", "{F8E86590-15B2-4AB5-A3E4-C411DBC49A69}"
EndProject
Project("{2150E333-8FDC-42A3-9474-1A3956D46DE8}") = "Test", "Test", "{596C3664-30E9-4BB1-9AE3-273797963A41}"
EndProject
Project("{FAE04EC0-301F-11D3-BF4B-00C04F79EFBC}") = "AAAEntity_Test", "AAAEntity_Test\AAAEntity_Test.csproj", "{B19A1CF9-6E9C-4586-BDDB-0F08C5145A72}"
EndProject
Global
	GlobalSection(SolutionConfigurationPlatforms) = preSolution
		Debug|Any CPU = Debug|Any CPU
		Release|Any CPU = Release|Any CPU
	EndGlobalSection
	GlobalSection(ProjectConfigurationPlatforms) = postSolution
		{E3F54F74-5427-4B4C-B11A-A59EFFF85686}.Debug|Any CPU.ActiveCfg = Debug|Any CPU
		{E3F54F74-5427-4B4C-B11A-A59EFFF85686}.Debug|Any CPU.Build.0 = Debug|Any CPU
		{E3F54F74-5427-4B4C-B11A-A59EFFF85686}.Release|Any CPU.ActiveCfg = Release|Any CPU
		{E3F54F74-5427-4B4C-B11A-A59EFFF85686}.Release|Any CPU.Build.0 = Release|Any CPU
		{75346CA4-00B6-42E5-8AAA-0D9CEB34AF54}.Debug|Any CPU.ActiveCfg = Debug|Any CPU
		{75346CA4-00B6-42E5-8AAA-0D9CEB34AF54}.Debug|Any CPU.Build.0 = Debug|Any CPU
		{75346CA4-00B6-42E5-8AAA-0D9CEB34AF54}.Release|Any CPU.ActiveCfg = Release|Any CPU
		{75346CA4-00B6-42E5-8AAA-0D9CEB34AF54}.Release|Any CPU.Build.0 = Release|Any CPU
		{01B6A430-3E7B-452E-87C4-DDC3C2FBA7C5}.Debug|Any CPU.ActiveCfg = Debug|Any CPU
		{01B6A430-3E7B-452E-87C4-DDC3C2FBA7C5}.Debug|Any CPU.Build.0 = Debug|Any CPU
		{01B6A430-3E7B-452E-87C4-DDC3C2FBA7C5}.Release|Any CPU.ActiveCfg = Release|Any CPU
		{01B6A430-3E7B-452E-87C4-DDC3C2FBA7C5}.Release|Any CPU.Build.0 = Release|Any CPU
		{2D261841-3A48-4D02-A7D7-08CE6880F823}.Debug|Any CPU.ActiveCfg = Debug|Any CPU
		{2D261841-3A48-4D02-A7D7-08CE6880F823}.Debug|Any CPU.Build.0 = Debug|Any CPU
		{2D261841-3A48-4D02-A7D7-08CE6880F823}.Release|Any CPU.ActiveCfg = Release|Any CPU
		{2D261841-3A48-4D02-A7D7-08CE6880F823}.Release|Any CPU.Build.0 = Release|Any CPU
		{481ADBD8-D0FB-45EC-BB77-5F56802CDB7D}.Debug|Any CPU.ActiveCfg = Debug|Any CPU
		{481ADBD8-D0FB-45EC-BB77-5F56802CDB7D}.Debug|Any CPU.Build.0 = Debug|Any CPU
		{481ADBD8-D0FB-45EC-BB77-5F56802CDB7D}.Release|Any CPU.ActiveCfg = Release|Any CPU
		{481ADBD8-D0FB-45EC-BB77-5F56802CDB7D}.Release|Any CPU.Build.0 = Release|Any CPU
		{A1CB7975-5344-4720-A944-1FC4E88085A7}.Debug|Any CPU.ActiveCfg = Debug|Any CPU
		{A1CB7975-5344-4720-A944-1FC4E88085A7}.Debug|Any CPU.Build.0 = Debug|Any CPU
		{A1CB7975-5344-4720-A944-1FC4E88085A7}.Release|Any CPU.ActiveCfg = Release|Any CPU
		{A1CB7975-5344-4720-A944-1FC4E88085A7}.Release|Any CPU.Build.0 = Release|Any CPU
		{92EB49FB-D5D8-4A42-9D19-16DDC1B8FC0E}.Debug|Any CPU.ActiveCfg = Debug|Any CPU
		{92EB49FB-D5D8-4A42-9D19-16DDC1B8FC0E}.Debug|Any CPU.Build.0 = Debug|Any CPU
		{92EB49FB-D5D8-4A42-9D19-16DDC1B8FC0E}.Release|Any CPU.ActiveCfg = Release|Any CPU
		{92EB49FB-D5D8-4A42-9D19-16DDC1B8FC0E}.Release|Any CPU.Build.0 = Release|Any CPU
		{F8E86590-15B2-4AB5-A3E4-C411DBC49A69}.Debug|Any CPU.ActiveCfg = Debug|Any CPU
		{F8E86590-15B2-4AB5-A3E4-C411DBC49A69}.Debug|Any CPU.Build.0 = Debug|Any CPU
		{F8E86590-15B2-4AB5-A3E4-C411DBC49A69}.Release|Any CPU.ActiveCfg = Release|Any CPU
		{F8E86590-15B2-4AB5-A3E4-C411DBC49A69}.Release|Any CPU.Build.0 = Release|Any CPU
		{B19A1CF9-6E9C-4586-BDDB-0F08C5145A72}.Debug|Any CPU.ActiveCfg = Debug|Any CPU
		{B19A1CF9-6E9C-4586-BDDB-0F08C5145A72}.Debug|Any CPU.Build.0 = Debug|Any CPU
		{B19A1CF9-6E9C-4586-BDDB-0F08C5145A72}.Release|Any CPU.ActiveCfg = Release|Any CPU
		{B19A1CF9-6E9C-4586-BDDB-0F08C5145A72}.Release|Any CPU.Build.0 = Release|Any CPU
	EndGlobalSection
	GlobalSection(SolutionProperties) = preSolution
		HideSolutionNode = FALSE
	EndGlobalSection
	GlobalSection(NestedProjects) = preSolution
		{E3F54F74-5427-4B4C-B11A-A59EFFF85686} = {59ADE362-C470-41AE-8731-B739AC017979}
		{28DD1EC4-D222-4349-8BEB-18DF2DD14A2C} = {9A31BFE5-2383-4E55-A3A9-2DCC036E1D06}
		{81C45B59-CE40-4E0F-87DB-A0FF254F3A87} = {9A31BFE5-2383-4E55-A3A9-2DCC036E1D06}
		{0D720C18-9BF6-4599-8B97-ED7897AD6052} = {4FD59CC0-F504-4279-87A7-2C0D14EC633E}
		{8D934153-49F6-42DD-8564-415173085797} = {9A31BFE5-2383-4E55-A3A9-2DCC036E1D06}
		{739F27DC-5C7B-4857-AA3E-4100EB1E8FF9} = {4FD59CC0-F504-4279-87A7-2C0D14EC633E}
		{75346CA4-00B6-42E5-8AAA-0D9CEB34AF54} = {28DD1EC4-D222-4349-8BEB-18DF2DD14A2C}
		{01B6A430-3E7B-452E-87C4-DDC3C2FBA7C5} = {8D934153-49F6-42DD-8564-415173085797}
		{2D261841-3A48-4D02-A7D7-08CE6880F823} = {28DD1EC4-D222-4349-8BEB-18DF2DD14A2C}
		{481ADBD8-D0FB-45EC-BB77-5F56802CDB7D} = {81C45B59-CE40-4E0F-87DB-A0FF254F3A87}
		{A1CB7975-5344-4720-A944-1FC4E88085A7} = {0D720C18-9BF6-4599-8B97-ED7897AD6052}
		{92EB49FB-D5D8-4A42-9D19-16DDC1B8FC0E} = {E8749AE3-A7D5-416E-BE28-44260879D25D}
		{F8E86590-15B2-4AB5-A3E4-C411DBC49A69} = {59ADE362-C470-41AE-8731-B739AC017979}
		{B19A1CF9-6E9C-4586-BDDB-0F08C5145A72} = {596C3664-30E9-4BB1-9AE3-273797963A41}
	EndGlobalSection
	GlobalSection(ExtensibilityGlobals) = postSolution
		SolutionGuid = {D8163E1B-02FF-4F80-9177-95F151793427}
	EndGlobalSection
EndGlobal
